
Microsoft Visual Studio Solution File, Format Version 12.00
# Visual Studio Version 16
VisualStudioVersion = 16.0.31112.23
MinimumVisualStudioVersion = 10.0.40219.1
Project("{FAE04EC0-301F-11D3-BF4B-00C04F79EFBC}") = "SUtilities", "SUtilities\SUtilities.csproj", "{C10ADF45-0A74-4ADC-A21F-C3308AF9426E}"
EndProject
Project("{FAE04EC0-301F-11D3-BF4B-00C04F79EFBC}") = "SUtilitiesTests", "SUtilitiesTests\SUtilitiesTests.csproj", "{C2A95110-B4EB-4004-B79C-007E3EB7ACF0}"
EndProject
Global
	GlobalSection(SolutionConfigurationPlatforms) = preSolution
		Debug|Any CPU = Debug|Any CPU
		Release|Any CPU = Release|Any CPU
	EndGlobalSection
	GlobalSection(ProjectConfigurationPlatforms) = postSolution
		{C10ADF45-0A74-4ADC-A21F-C3308AF9426E}.Debug|Any CPU.ActiveCfg = Debug|Any CPU
		{C10ADF45-0A74-4ADC-A21F-C3308AF9426E}.Debug|Any CPU.Build.0 = Debug|Any CPU
		{C10ADF45-0A74-4ADC-A21F-C3308AF9426E}.Release|Any CPU.ActiveCfg = Release|Any CPU
		{C10ADF45-0A74-4ADC-A21F-C3308AF9426E}.Release|Any CPU.Build.0 = Release|Any CPU
		{C2A95110-B4EB-4004-B79C-007E3EB7ACF0}.Debug|Any CPU.ActiveCfg = Debug|Any CPU
		{C2A95110-B4EB-4004-B79C-007E3EB7ACF0}.Debug|Any CPU.Build.0 = Debug|Any CPU
		{C2A95110-B4EB-4004-B79C-007E3EB7ACF0}.Release|Any CPU.ActiveCfg = Release|Any CPU
		{C2A95110-B4EB-4004-B79C-007E3EB7ACF0}.Release|Any CPU.Build.0 = Release|Any CPU
	EndGlobalSection
	GlobalSection(SolutionProperties) = preSolution
		HideSolutionNode = FALSE
	EndGlobalSection
	GlobalSection(ExtensibilityGlobals) = postSolution
		SolutionGuid = {164E8006-BED4-408A-9F5B-C02C9BA94FBE}
	EndGlobalSection
EndGlobal
